// !$*UTF8*$!
{
	archiveVersion = 1;
	classes = {
	};
	objectVersion = 46;
	objects = {

/* Begin PBXBuildFile section */
		D450339F1DF73480006846FF /* AppDelegate.swift in Sources */ = {isa = PBXBuildFile; fileRef = D450339E1DF73480006846FF /* AppDelegate.swift */; };
		D45033A21DF73480006846FF /* Blog_App.xcdatamodeld in Sources */ = {isa = PBXBuildFile; fileRef = D45033A01DF73480006846FF /* Blog_App.xcdatamodeld */; };
		D45033A41DF73480006846FF /* MasterViewController.swift in Sources */ = {isa = PBXBuildFile; fileRef = D45033A31DF73480006846FF /* MasterViewController.swift */; };
		D45033A61DF73480006846FF /* DetailViewController.swift in Sources */ = {isa = PBXBuildFile; fileRef = D45033A51DF73480006846FF /* DetailViewController.swift */; };
		D45033A91DF73480006846FF /* Main.storyboard in Resources */ = {isa = PBXBuildFile; fileRef = D45033A71DF73480006846FF /* Main.storyboard */; };
		D45033AB1DF73480006846FF /* Assets.xcassets in Resources */ = {isa = PBXBuildFile; fileRef = D45033AA1DF73480006846FF /* Assets.xcassets */; };
		D45033AE1DF73480006846FF /* LaunchScreen.storyboard in Resources */ = {isa = PBXBuildFile; fileRef = D45033AC1DF73480006846FF /* LaunchScreen.storyboard */; };
/* End PBXBuildFile section */

/* Begin PBXFileReference section */
		D450339B1DF73480006846FF /* Blog App.app */ = {isa = PBXFileReference; explicitFileType = wrapper.application; includeInIndex = 0; path = "Blog App.app"; sourceTree = BUILT_PRODUCTS_DIR; };
		D450339E1DF73480006846FF /* AppDelegate.swift */ = {isa = PBXFileReference; lastKnownFileType = sourcecode.swift; path = AppDelegate.swift; sourceTree = "<group>"; };
		D45033A11DF73480006846FF /* Blog_App.xcdatamodel */ = {isa = PBXFileReference; lastKnownFileType = wrapper.xcdatamodel; path = Blog_App.xcdatamodel; sourceTree = "<group>"; };
		D45033A31DF73480006846FF /* MasterViewController.swift */ = {isa = PBXFileReference; lastKnownFileType = sourcecode.swift; path = MasterViewController.swift; sourceTree = "<group>"; };
		D45033A51DF73480006846FF /* DetailViewController.swift */ = {isa = PBXFileReference; lastKnownFileType = sourcecode.swift; path = DetailViewController.swift; sourceTree = "<group>"; };
		D45033A81DF73480006846FF /* Base */ = {isa = PBXFileReference; lastKnownFileType = file.storyboard; name = Base; path = Base.lproj/Main.storyboard; sourceTree = "<group>"; };
		D45033AA1DF73480006846FF /* Assets.xcassets */ = {isa = PBXFileReference; lastKnownFileType = folder.assetcatalog; path = Assets.xcassets; sourceTree = "<group>"; };
		D45033AD1DF73480006846FF /* Base */ = {isa = PBXFileReference; lastKnownFileType = file.storyboard; name = Base; path = Base.lproj/LaunchScreen.storyboard; sourceTree = "<group>"; };
		D45033AF1DF73480006846FF /* Info.plist */ = {isa = PBXFileReference; lastKnownFileType = text.plist.xml; path = Info.plist; sourceTree = "<group>"; };
/* End PBXFileReference section */

/* Begin PBXFrameworksBuildPhase section */
		D45033981DF73480006846FF /* Frameworks */ = {
			isa = PBXFrameworksBuildPhase;
			buildActionMask = 2147483647;
			files = (
			);
			runOnlyForDeploymentPostprocessing = 0;
		};
/* End PBXFrameworksBuildPhase section */

/* Begin PBXGroup section */
		D45033921DF73480006846FF = {
			isa = PBXGroup;
			children = (
				D450339D1DF73480006846FF /* Blog App */,
				D450339C1DF73480006846FF /* Products */,
			);
			sourceTree = "<group>";
		};
		D450339C1DF73480006846FF /* Products */ = {
			isa = PBXGroup;
			children = (
				D450339B1DF73480006846FF /* Blog App.app */,
			);
			name = Products;
			sourceTree = "<group>";
		};
		D450339D1DF73480006846FF /* Blog App */ = {
			isa = PBXGroup;
			children = (
				D450339E1DF73480006846FF /* AppDelegate.swift */,
				D45033A31DF73480006846FF /* MasterViewController.swift */,
				D45033A51DF73480006846FF /* DetailViewController.swift */,
				D45033A71DF73480006846FF /* Main.storyboard */,
				D45033AA1DF73480006846FF /* Assets.xcassets */,
				D45033AC1DF73480006846FF /* LaunchScreen.storyboard */,
				D45033AF1DF73480006846FF /* Info.plist */,
				D45033A01DF73480006846FF /* Blog_App.xcdatamodeld */,
			);
			path = "Blog App";
			sourceTree = "<group>";
		};
/* End PBXGroup section */

/* Begin PBXNativeTarget section */
		D450339A1DF73480006846FF /* Blog App */ = {
			isa = PBXNativeTarget;
			buildConfigurationList = D45033B21DF73480006846FF /* Build configuration list for PBXNativeTarget "Blog App" */;
			buildPhases = (
				D45033971DF73480006846FF /* Sources */,
				D45033981DF73480006846FF /* Frameworks */,
				D45033991DF73480006846FF /* Resources */,
			);
			buildRules = (
			);
			dependencies = (
			);
			name = "Blog App";
			productName = "Blog App";
			productReference = D450339B1DF73480006846FF /* Blog App.app */;
			productType = "com.apple.product-type.application";
		};
/* End PBXNativeTarget section */

/* Begin PBXProject section */
		D45033931DF73480006846FF /* Project object */ = {
			isa = PBXProject;
			attributes = {
				LastSwiftUpdateCheck = 0810;
				LastUpgradeCheck = 0810;
				ORGANIZATIONNAME = "Roberto Luces";
				TargetAttributes = {
					D450339A1DF73480006846FF = {
						CreatedOnToolsVersion = 8.1;
						ProvisioningStyle = Automatic;
					};
				};
			};
			buildConfigurationList = D45033961DF73480006846FF /* Build configuration list for PBXProject "Blog App" */;
			compatibilityVersion = "Xcode 3.2";
			developmentRegion = English;
			hasScannedForEncodings = 0;
			knownRegions = (
				en,
				Base,
			);
			mainGroup = D45033921DF73480006846FF;
			productRefGroup = D450339C1DF73480006846FF /* Products */;
			projectDirPath = "";
			projectRoot = "";
			targets = (
				D450339A1DF73480006846FF /* Blog App */,
			);
		};
/* End PBXProject section */

/* Begin PBXResourcesBuildPhase section */
		D45033991DF73480006846FF /* Resources */ = {
			isa = PBXResourcesBuildPhase;
			buildActionMask = 2147483647;
			files = (
				D45033AE1DF73480006846FF /* LaunchScreen.storyboard in Resources */,
				D45033AB1DF73480006846FF /* Assets.xcassets in Resources */,
				D45033A91DF73480006846FF /* Main.storyboard in Resources */,
			);
			runOnlyForDeploymentPostprocessing = 0;
		};
/* End PBXResourcesBuildPhase section */

/* Begin PBXSourcesBuildPhase section */
		D45033971DF73480006846FF /* Sources */ = {
			isa = PBXSourcesBuildPhase;
			buildActionMask = 2147483647;
			files = (
				D450339F1DF73480006846FF /* AppDelegate.swift in Sources */,
				D45033A21DF73480006846FF /* Blog_App.xcdatamodeld in Sources */,
				D45033A41DF73480006846FF /* MasterViewController.swift in Sources */,
				D45033A61DF73480006846FF /* DetailViewController.swift in Sources */,
			);
			runOnlyForDeploymentPostprocessing = 0;
		};
/* End PBXSourcesBuildPhase section */

/* Begin PBXVariantGroup section */
		D45033A71DF73480006846FF /* Main.storyboard */ = {
			isa = PBXVariantGroup;
			children = (
				D45033A81DF73480006846FF /* Base */,
			);
			name = Main.storyboard;
			sourceTree = "<group>";
		};
		D45033AC1DF73480006846FF /* LaunchScreen.storyboard */ = {
			isa = PBXVariantGroup;
			children = (
				D45033AD1DF73480006846FF /* Base */,
			);
			name = LaunchScreen.storyboard;
			sourceTree = "<group>";
		};
/* End PBXVariantGroup section */

/* Begin XCBuildConfiguration section */
		D45033B01DF73480006846FF /* Debug */ = {
			isa = XCBuildConfiguration;
			buildSettings = {
				ALWAYS_SEARCH_USER_PATHS = NO;
				CLANG_ANALYZER_NONNULL = YES;
				CLANG_CXX_LANGUAGE_STANDARD = "gnu++0x";
				CLANG_CXX_LIBRARY = "libc++";
				CLANG_ENABLE_MODULES = YES;
				CLANG_ENABLE_OBJC_ARC = YES;
				CLANG_WARN_BOOL_CONVERSION = YES;
				CLANG_WARN_CONSTANT_CONVERSION = YES;
				CLANG_WARN_DIRECT_OBJC_ISA_USAGE = YES_ERROR;
				CLANG_WARN_DOCUMENTATION_COMMENTS = YES;
				CLANG_WARN_EMPTY_BODY = YES;
				CLANG_WARN_ENUM_CONVERSION = YES;
				CLANG_WARN_INFINITE_RECURSION = YES;
				CLANG_WARN_INT_CONVERSION = YES;
				CLANG_WARN_OBJC_ROOT_CLASS = YES_ERROR;
				CLANG_WARN_SUSPICIOUS_MOVES = YES;
				CLANG_WARN_UNREACHABLE_CODE = YES;
				CLANG_WARN__DUPLICATE_METHOD_MATCH = YES;
				"CODE_SIGN_IDENTITY[sdk=iphoneos*]" = "iPhone Developer";
				COPY_PHASE_STRIP = NO;
				DEBUG_INFORMATION_FORMAT = dwarf;
				ENABLE_STRICT_OBJC_MSGSEND = YES;
				ENABLE_TESTABILITY = YES;
				GCC_C_LANGUAGE_STANDARD = gnu99;
				GCC_DYNAMIC_NO_PIC = NO;
				GCC_NO_COMMON_BLOCKS = YES;
				GCC_OPTIMIZATION_LEVEL = 0;
				GCC_PREPROCESSOR_DEFINITIONS = (
					"DEBUG=1",
					"$(inherited)",
				);
				GCC_WARN_64_TO_32_BIT_CONVERSION = YES;
				GCC_WARN_ABOUT_RETURN_TYPE = YES_ERROR;
				GCC_WARN_UNDECLARED_SELECTOR = YES;
				GCC_WARN_UNINITIALIZED_AUTOS = YES_AGGRESSIVE;
				GCC_WARN_UNUSED_FUNCTION = YES;
				GCC_WARN_UNUSED_VARIABLE = YES;
				IPHONEOS_DEPLOYMENT_TARGET = 10.1;
				MTL_ENABLE_DEBUG_INFO = YES;
				ONLY_ACTIVE_ARCH = YES;
				SDKROOT = iphoneos;
				SWIFT_ACTIVE_COMPILATION_CONDITIONS = DEBUG;
				SWIFT_OPTIMIZATION_LEVEL = "-Onone";
			};
			name = Debug;
		};
		D45033B11DF73480006846FF /* Release */ = {
			isa = XCBuildConfiguration;
			buildSettings = {
				ALWAYS_SEARCH_USER_PATHS = NO;
				CLANG_ANALYZER_NONNULL = YES;
				CLANG_CXX_LANGUAGE_STANDARD = "gnu++0x";
				CLANG_CXX_LIBRARY = "libc++";
				CLANG_ENABLE_MODULES = YES;
				CLANG_ENABLE_OBJC_ARC = YES;
				CLANG_WARN_BOOL_CONVERSION = YES;
				CLANG_WARN_CONSTANT_CONVERSION = YES;
				CLANG_WARN_DIRECT_OBJC_ISA_USAGE = YES_ERROR;
				CLANG_WARN_DOCUMENTATION_COMMENTS = YES;
				CLANG_WARN_EMPTY_BODY = YES;
				CLANG_WARN_ENUM_CONVERSION = YES;
				CLANG_WARN_INFINITE_RECURSION = YES;
				CLANG_WARN_INT_CONVERSION = YES;
				CLANG_WARN_OBJC_ROOT_CLASS = YES_ERROR;
				CLANG_WARN_SUSPICIOUS_MOVES = YES;
				CLANG_WARN_UNREACHABLE_CODE = YES;
				CLANG_WARN__DUPLICATE_METHOD_MATCH = YES;
				"CODE_SIGN_IDENTITY[sdk=iphoneos*]" = "iPhone Developer";
				COPY_PHASE_STRIP = NO;
				DEBUG_INFORMATION_FORMAT = "dwarf-with-dsym";
				ENABLE_NS_ASSERTIONS = NO;
				ENABLE_STRICT_OBJC_MSGSEND = YES;
				GCC_C_LANGUAGE_STANDARD = gnu99;
				GCC_NO_COMMON_BLOCKS = YES;
				GCC_WARN_64_TO_32_BIT_CONVERSION = YES;
				GCC_WARN_ABOUT_RETURN_TYPE = YES_ERROR;
				GCC_WARN_UNDECLARED_SELECTOR = YES;
				GCC_WARN_UNINITIALIZED_AUTOS = YES_AGGRESSIVE;
				GCC_WARN_UNUSED_FUNCTION = YES;
				GCC_WARN_UNUSED_VARIABLE = YES;
				IPHONEOS_DEPLOYMENT_TARGET = 10.1;
				MTL_ENABLE_DEBUG_INFO = NO;
				SDKROOT = iphoneos;
				SWIFT_OPTIMIZATION_LEVEL = "-Owholemodule";
				VALIDATE_PRODUCT = YES;
			};
			name = Release;
		};
		D45033B31DF73480006846FF /* Debug */ = {
			isa = XCBuildConfiguration;
			buildSettings = {
				ASSETCATALOG_COMPILER_APPICON_NAME = AppIcon;
				INFOPLIST_FILE = "Blog App/Info.plist";
				LD_RUNPATH_SEARCH_PATHS = "$(inherited) @executable_path/Frameworks";
				PRODUCT_BUNDLE_IDENTIFIER = "com.ralp.Blog-App";
				PRODUCT_NAME = "$(TARGET_NAME)";
				SWIFT_VERSION = 3.0;
			};
			name = Debug;
		};
		D45033B41DF73480006846FF /* Release */ = {
			isa = XCBuildConfiguration;
			buildSettings = {
				ASSETCATALOG_COMPILER_APPICON_NAME = AppIcon;
				INFOPLIST_FILE = "Blog App/Info.plist";
				LD_RUNPATH_SEARCH_PATHS = "$(inherited) @executable_path/Frameworks";
				PRODUCT_BUNDLE_IDENTIFIER = "com.ralp.Blog-App";
				PRODUCT_NAME = "$(TARGET_NAME)";
				SWIFT_VERSION = 3.0;
			};
			name = Release;
		};
/* End XCBuildConfiguration section */

/* Begin XCConfigurationList section */
		D45033961DF73480006846FF /* Build configuration list for PBXProject "Blog App" */ = {
			isa = XCConfigurationList;
			buildConfigurations = (
				D45033B01DF73480006846FF /* Debug */,
				D45033B11DF73480006846FF /* Release */,
			);
			defaultConfigurationIsVisible = 0;
			defaultConfigurationName = Release;
		};
		D45033B21DF73480006846FF /* Build configuration list for PBXNativeTarget "Blog App" */ = {
			isa = XCConfigurationList;
			buildConfigurations = (
				D45033B31DF73480006846FF /* Debug */,
				D45033B41DF73480006846FF /* Release */,
			);
			defaultConfigurationIsVisible = 0;
		};
/* End XCConfigurationList section */

/* Begin XCVersionGroup section */
		D45033A01DF73480006846FF /* Blog_App.xcdatamodeld */ = {
			isa = XCVersionGroup;
			children = (
				D45033A11DF73480006846FF /* Blog_App.xcdatamodel */,
			);
			currentVersion = D45033A11DF73480006846FF /* Blog_App.xcdatamodel */;
			path = Blog_App.xcdatamodeld;
			sourceTree = "<group>";
			versionGroupType = wrapper.xcdatamodel;
		};
/* End XCVersionGroup section */
	};
	rootObject = D45033931DF73480006846FF /* Project object */;
}
